
Microsoft Visual Studio Solution File, Format Version 12.00
# Visual Studio Version 17
VisualStudioVersion = 17.11.35312.102
MinimumVisualStudioVersion = 10.0.40219.1
Project("{2150E333-8FDC-42A3-9474-1A3956D46DE8}") = "Hafta1", "Hafta1", "{3612FD9E-9B0C-42B1-97BB-D394152F07B5}"
EndProject
Project("{FAE04EC0-301F-11D3-BF4B-00C04F79EFBC}") = "Hafta1_Console_Degiskenler", "Hafta1_Console_Degiskenler\Hafta1_Console_Degiskenler.csproj", "{761CBA08-E28E-42C5-989C-7B058EAE0E5D}"
EndProject
Project("{FAE04EC0-301F-11D3-BF4B-00C04F79EFBC}") = "Hafta1_Console_Degiskenler2", "Hafta1_Console_Degiskenler2\Hafta1_Console_Degiskenler2.csproj", "{AAC43C00-80EE-4E77-942C-8AFEAF6A2848}"
EndProject
Project("{2150E333-8FDC-42A3-9474-1A3956D46DE8}") = "Hafta2", "Hafta2", "{834BB186-33D3-43F4-95E4-AF9ED5D22793}"
EndProject
Project("{FAE04EC0-301F-11D3-BF4B-00C04F79EFBC}") = "Hafta2_Console_Donguler01", "Hafta2_Console_Donguler01\Hafta2_Console_Donguler01.csproj", "{627C9435-E4D8-492F-A89D-9C41F278002A}"
EndProject
Project("{FAE04EC0-301F-11D3-BF4B-00C04F79EFBC}") = "Hafta2_Console_Donguler02", "Hafta2_Console_Donguler02\Hafta2_Console_Donguler02.csproj", "{CEC73395-DDA7-48AF-9A83-8DAD8C705B33}"
EndProject
Project("{FAE04EC0-301F-11D3-BF4B-00C04F79EFBC}") = "Hafta2_Console_Donguler03", "Hafta2_Console_Donguler03\Hafta2_Console_Donguler03.csproj", "{D9A0A5C7-0D0C-456E-8963-62B442B79F4B}"
EndProject
Project("{FAE04EC0-301F-11D3-BF4B-00C04F79EFBC}") = "Hafta2_Console_Donguler04", "Hafta2_Console_Donguler04\Hafta2_Console_Donguler04.csproj", "{DC260201-47BD-4DF2-8C35-7AFD435F0CAB}"
EndProject
Project("{FAE04EC0-301F-11D3-BF4B-00C04F79EFBC}") = "Hafta2_Console_Donguler05", "Hafta2_Console_Donguler05\Hafta2_Console_Donguler05.csproj", "{52787DEA-0A70-4EA3-B8F0-C1A9352096B2}"
EndProject
Project("{FAE04EC0-301F-11D3-BF4B-00C04F79EFBC}") = "Hafta2_Console_Donguler06", "Hafta2_Console_Donguler06\Hafta2_Console_Donguler06.csproj", "{0FE2243A-04DF-4861-BE5E-AA1F98FF0BB5}"
EndProject
Project("{FAE04EC0-301F-11D3-BF4B-00C04F79EFBC}") = "Hafta2_Console_Donguler07", "Hafta2_Console_Donguler07\Hafta2_Console_Donguler07.csproj", "{6C7076E9-9BCF-43E4-9633-50FAABFD537E}"
EndProject
Project("{FAE04EC0-301F-11D3-BF4B-00C04F79EFBC}") = "Hafta2_Console_Donguler08", "Hafta2_Console_Donguler08\Hafta2_Console_Donguler08.csproj", "{B4188A18-4244-4AC9-9580-CA108F274E9F}"
EndProject
Project("{FAE04EC0-301F-11D3-BF4B-00C04F79EFBC}") = "Hafta2_Console_Donguler09", "Hafta2_Console_Donguler09\Hafta2_Console_Donguler09.csproj", "{B27F081F-AA4B-4E6A-B401-2582670A51FA}"
EndProject
Project("{FAE04EC0-301F-11D3-BF4B-00C04F79EFBC}") = "Hafta2_Console_Donguler10", "Hafta2_Console_Donguler10\Hafta2_Console_Donguler10.csproj", "{4AB60AC6-2CA4-421E-AF46-D2FDA96778D6}"
EndProject
Project("{FAE04EC0-301F-11D3-BF4B-00C04F79EFBC}") = "Hafta2_Console_Random", "Hafta2_Console_Random\Hafta2_Console_Random.csproj", "{42F88C33-3D1D-4D0B-853A-2DDC1C2BF416}"
EndProject
Project("{2150E333-8FDC-42A3-9474-1A3956D46DE8}") = "Odevler", "Odevler", "{F095188A-06D3-431D-AFB2-9004A0B00553}"
EndProject
Project("{FAE04EC0-301F-11D3-BF4B-00C04F79EFBC}") = "Hafta2_Odev_Random", "Hafta2_Odev_Random\Hafta2_Odev_Random.csproj", "{FFB599D8-BBA7-4C7C-A65B-0C1FB3A6A3F5}"
EndProject
Project("{2150E333-8FDC-42A3-9474-1A3956D46DE8}") = "Hafta3", "Hafta3", "{AC12D521-A8A1-48D9-A26C-FD3FF1E2307A}"
EndProject
Global
	GlobalSection(SolutionConfigurationPlatforms) = preSolution
		Debug|Any CPU = Debug|Any CPU
		Release|Any CPU = Release|Any CPU
	EndGlobalSection
	GlobalSection(ProjectConfigurationPlatforms) = postSolution
		{761CBA08-E28E-42C5-989C-7B058EAE0E5D}.Debug|Any CPU.ActiveCfg = Debug|Any CPU
		{761CBA08-E28E-42C5-989C-7B058EAE0E5D}.Debug|Any CPU.Build.0 = Debug|Any CPU
		{761CBA08-E28E-42C5-989C-7B058EAE0E5D}.Release|Any CPU.ActiveCfg = Release|Any CPU
		{761CBA08-E28E-42C5-989C-7B058EAE0E5D}.Release|Any CPU.Build.0 = Release|Any CPU
		{AAC43C00-80EE-4E77-942C-8AFEAF6A2848}.Debug|Any CPU.ActiveCfg = Debug|Any CPU
		{AAC43C00-80EE-4E77-942C-8AFEAF6A2848}.Debug|Any CPU.Build.0 = Debug|Any CPU
		{AAC43C00-80EE-4E77-942C-8AFEAF6A2848}.Release|Any CPU.ActiveCfg = Release|Any CPU
		{AAC43C00-80EE-4E77-942C-8AFEAF6A2848}.Release|Any CPU.Build.0 = Release|Any CPU
		{627C9435-E4D8-492F-A89D-9C41F278002A}.Debug|Any CPU.ActiveCfg = Debug|Any CPU
		{627C9435-E4D8-492F-A89D-9C41F278002A}.Debug|Any CPU.Build.0 = Debug|Any CPU
		{627C9435-E4D8-492F-A89D-9C41F278002A}.Release|Any CPU.ActiveCfg = Release|Any CPU
		{627C9435-E4D8-492F-A89D-9C41F278002A}.Release|Any CPU.Build.0 = Release|Any CPU
		{CEC73395-DDA7-48AF-9A83-8DAD8C705B33}.Debug|Any CPU.ActiveCfg = Debug|Any CPU
		{CEC73395-DDA7-48AF-9A83-8DAD8C705B33}.Debug|Any CPU.Build.0 = Debug|Any CPU
		{CEC73395-DDA7-48AF-9A83-8DAD8C705B33}.Release|Any CPU.ActiveCfg = Release|Any CPU
		{CEC73395-DDA7-48AF-9A83-8DAD8C705B33}.Release|Any CPU.Build.0 = Release|Any CPU
		{D9A0A5C7-0D0C-456E-8963-62B442B79F4B}.Debug|Any CPU.ActiveCfg = Debug|Any CPU
		{D9A0A5C7-0D0C-456E-8963-62B442B79F4B}.Debug|Any CPU.Build.0 = Debug|Any CPU
		{D9A0A5C7-0D0C-456E-8963-62B442B79F4B}.Release|Any CPU.ActiveCfg = Release|Any CPU
		{D9A0A5C7-0D0C-456E-8963-62B442B79F4B}.Release|Any CPU.Build.0 = Release|Any CPU
		{DC260201-47BD-4DF2-8C35-7AFD435F0CAB}.Debug|Any CPU.ActiveCfg = Debug|Any CPU
		{DC260201-47BD-4DF2-8C35-7AFD435F0CAB}.Debug|Any CPU.Build.0 = Debug|Any CPU
		{DC260201-47BD-4DF2-8C35-7AFD435F0CAB}.Release|Any CPU.ActiveCfg = Release|Any CPU
		{DC260201-47BD-4DF2-8C35-7AFD435F0CAB}.Release|Any CPU.Build.0 = Release|Any CPU
		{52787DEA-0A70-4EA3-B8F0-C1A9352096B2}.Debug|Any CPU.ActiveCfg = Debug|Any CPU
		{52787DEA-0A70-4EA3-B8F0-C1A9352096B2}.Debug|Any CPU.Build.0 = Debug|Any CPU
		{52787DEA-0A70-4EA3-B8F0-C1A9352096B2}.Release|Any CPU.ActiveCfg = Release|Any CPU
		{52787DEA-0A70-4EA3-B8F0-C1A9352096B2}.Release|Any CPU.Build.0 = Release|Any CPU
		{0FE2243A-04DF-4861-BE5E-AA1F98FF0BB5}.Debug|Any CPU.ActiveCfg = Debug|Any CPU
		{0FE2243A-04DF-4861-BE5E-AA1F98FF0BB5}.Debug|Any CPU.Build.0 = Debug|Any CPU
		{0FE2243A-04DF-4861-BE5E-AA1F98FF0BB5}.Release|Any CPU.ActiveCfg = Release|Any CPU
		{0FE2243A-04DF-4861-BE5E-AA1F98FF0BB5}.Release|Any CPU.Build.0 = Release|Any CPU
		{6C7076E9-9BCF-43E4-9633-50FAABFD537E}.Debug|Any CPU.ActiveCfg = Debug|Any CPU
		{6C7076E9-9BCF-43E4-9633-50FAABFD537E}.Debug|Any CPU.Build.0 = Debug|Any CPU
		{6C7076E9-9BCF-43E4-9633-50FAABFD537E}.Release|Any CPU.ActiveCfg = Release|Any CPU
		{6C7076E9-9BCF-43E4-9633-50FAABFD537E}.Release|Any CPU.Build.0 = Release|Any CPU
		{B4188A18-4244-4AC9-9580-CA108F274E9F}.Debug|Any CPU.ActiveCfg = Debug|Any CPU
		{B4188A18-4244-4AC9-9580-CA108F274E9F}.Debug|Any CPU.Build.0 = Debug|Any CPU
		{B4188A18-4244-4AC9-9580-CA108F274E9F}.Release|Any CPU.ActiveCfg = Release|Any CPU
		{B4188A18-4244-4AC9-9580-CA108F274E9F}.Release|Any CPU.Build.0 = Release|Any CPU
		{B27F081F-AA4B-4E6A-B401-2582670A51FA}.Debug|Any CPU.ActiveCfg = Debug|Any CPU
		{B27F081F-AA4B-4E6A-B401-2582670A51FA}.Debug|Any CPU.Build.0 = Debug|Any CPU
		{B27F081F-AA4B-4E6A-B401-2582670A51FA}.Release|Any CPU.ActiveCfg = Release|Any CPU
		{B27F081F-AA4B-4E6A-B401-2582670A51FA}.Release|Any CPU.Build.0 = Release|Any CPU
		{4AB60AC6-2CA4-421E-AF46-D2FDA96778D6}.Debug|Any CPU.ActiveCfg = Debug|Any CPU
		{4AB60AC6-2CA4-421E-AF46-D2FDA96778D6}.Debug|Any CPU.Build.0 = Debug|Any CPU
		{4AB60AC6-2CA4-421E-AF46-D2FDA96778D6}.Release|Any CPU.ActiveCfg = Release|Any CPU
		{4AB60AC6-2CA4-421E-AF46-D2FDA96778D6}.Release|Any CPU.Build.0 = Release|Any CPU
		{42F88C33-3D1D-4D0B-853A-2DDC1C2BF416}.Debug|Any CPU.ActiveCfg = Debug|Any CPU
		{42F88C33-3D1D-4D0B-853A-2DDC1C2BF416}.Debug|Any CPU.Build.0 = Debug|Any CPU
		{42F88C33-3D1D-4D0B-853A-2DDC1C2BF416}.Release|Any CPU.ActiveCfg = Release|Any CPU
		{42F88C33-3D1D-4D0B-853A-2DDC1C2BF416}.Release|Any CPU.Build.0 = Release|Any CPU
		{FFB599D8-BBA7-4C7C-A65B-0C1FB3A6A3F5}.Debug|Any CPU.ActiveCfg = Debug|Any CPU
		{FFB599D8-BBA7-4C7C-A65B-0C1FB3A6A3F5}.Debug|Any CPU.Build.0 = Debug|Any CPU
		{FFB599D8-BBA7-4C7C-A65B-0C1FB3A6A3F5}.Release|Any CPU.ActiveCfg = Release|Any CPU
		{FFB599D8-BBA7-4C7C-A65B-0C1FB3A6A3F5}.Release|Any CPU.Build.0 = Release|Any CPU
	EndGlobalSection
	GlobalSection(SolutionProperties) = preSolution
		HideSolutionNode = FALSE
	EndGlobalSection
	GlobalSection(NestedProjects) = preSolution
		{761CBA08-E28E-42C5-989C-7B058EAE0E5D} = {3612FD9E-9B0C-42B1-97BB-D394152F07B5}
		{AAC43C00-80EE-4E77-942C-8AFEAF6A2848} = {3612FD9E-9B0C-42B1-97BB-D394152F07B5}
		{627C9435-E4D8-492F-A89D-9C41F278002A} = {834BB186-33D3-43F4-95E4-AF9ED5D22793}
		{CEC73395-DDA7-48AF-9A83-8DAD8C705B33} = {834BB186-33D3-43F4-95E4-AF9ED5D22793}
		{D9A0A5C7-0D0C-456E-8963-62B442B79F4B} = {834BB186-33D3-43F4-95E4-AF9ED5D22793}
		{DC260201-47BD-4DF2-8C35-7AFD435F0CAB} = {834BB186-33D3-43F4-95E4-AF9ED5D22793}
		{52787DEA-0A70-4EA3-B8F0-C1A9352096B2} = {834BB186-33D3-43F4-95E4-AF9ED5D22793}
		{0FE2243A-04DF-4861-BE5E-AA1F98FF0BB5} = {834BB186-33D3-43F4-95E4-AF9ED5D22793}
		{6C7076E9-9BCF-43E4-9633-50FAABFD537E} = {834BB186-33D3-43F4-95E4-AF9ED5D22793}
		{B4188A18-4244-4AC9-9580-CA108F274E9F} = {834BB186-33D3-43F4-95E4-AF9ED5D22793}
		{B27F081F-AA4B-4E6A-B401-2582670A51FA} = {834BB186-33D3-43F4-95E4-AF9ED5D22793}
		{4AB60AC6-2CA4-421E-AF46-D2FDA96778D6} = {834BB186-33D3-43F4-95E4-AF9ED5D22793}
		{42F88C33-3D1D-4D0B-853A-2DDC1C2BF416} = {834BB186-33D3-43F4-95E4-AF9ED5D22793}
		{FFB599D8-BBA7-4C7C-A65B-0C1FB3A6A3F5} = {F095188A-06D3-431D-AFB2-9004A0B00553}
	EndGlobalSection
	GlobalSection(ExtensibilityGlobals) = postSolution
		SolutionGuid = {E034155A-DCC4-4D6E-ABB4-B89453A9FA0C}
	EndGlobalSection
EndGlobal
